
Microsoft Visual Studio Solution File, Format Version 12.00
# Visual Studio Version 17
VisualStudioVersion = 17.2.32519.379
MinimumVisualStudioVersion = 10.0.40219.1
Project("{FAE04EC0-301F-11D3-BF4B-00C04F79EFBC}") = "hy-image-resizer", "hy-image-resizer\hy-image-resizer.csproj", "{27FE6FC2-C65B-47C2-B819-AB3A0BF5E6A6}"
EndProject
Global
	GlobalSection(SolutionConfigurationPlatforms) = preSolution
		Debug|Any CPU = Debug|Any CPU
		Release|Any CPU = Release|Any CPU
	EndGlobalSection
	GlobalSection(ProjectConfigurationPlatforms) = postSolution
		{27FE6FC2-C65B-47C2-B819-AB3A0BF5E6A6}.Debug|Any CPU.ActiveCfg = Debug|Any CPU
		{27FE6FC2-C65B-47C2-B819-AB3A0BF5E6A6}.Debug|Any CPU.Build.0 = Debug|Any CPU
		{27FE6FC2-C65B-47C2-B819-AB3A0BF5E6A6}.Release|Any CPU.ActiveCfg = Release|Any CPU
		{27FE6FC2-C65B-47C2-B819-AB3A0BF5E6A6}.Release|Any CPU.Build.0 = Release|Any CPU
	EndGlobalSection
	GlobalSection(SolutionProperties) = preSolution
		HideSolutionNode = FALSE
	EndGlobalSection
	GlobalSection(ExtensibilityGlobals) = postSolution
		SolutionGuid = {961DFE93-7AE6-48C7-B162-16658BDECB70}
	EndGlobalSection
EndGlobal
